// !$*UTF8*$!
{
	archiveVersion = 1;
	classes = {
	};
	objectVersion = 56;
	objects = {

/* Begin PBXBuildFile section */
		D30A5CF82AF1220B00A7E1A0 /* OnboardingCollectionViewCell.swift in Sources */ = {isa = PBXBuildFile; fileRef = D30A5CF72AF1220B00A7E1A0 /* OnboardingCollectionViewCell.swift */; };
		D3233F9E2AF510DA00B63039 /* HomeViewController.swift in Sources */ = {isa = PBXBuildFile; fileRef = D3233F9D2AF510DA00B63039 /* HomeViewController.swift */; };
		D3233FA02AF5195E00B63039 /* ActivityViewController.swift in Sources */ = {isa = PBXBuildFile; fileRef = D3233F9F2AF5195E00B63039 /* ActivityViewController.swift */; };
		D3233FA22AF5199400B63039 /* LoginViewController.swift in Sources */ = {isa = PBXBuildFile; fileRef = D3233FA12AF5199400B63039 /* LoginViewController.swift */; };
		D35D65342AEADEC300173672 /* AppDelegate.swift in Sources */ = {isa = PBXBuildFile; fileRef = D35D65332AEADEC300173672 /* AppDelegate.swift */; };
		D35D65362AEADEC300173672 /* SceneDelegate.swift in Sources */ = {isa = PBXBuildFile; fileRef = D35D65352AEADEC300173672 /* SceneDelegate.swift */; };
		D35D653B2AEADEC300173672 /* Main.storyboard in Resources */ = {isa = PBXBuildFile; fileRef = D35D65392AEADEC300173672 /* Main.storyboard */; };
		D35D653D2AEADEC500173672 /* Assets.xcassets in Resources */ = {isa = PBXBuildFile; fileRef = D35D653C2AEADEC500173672 /* Assets.xcassets */; };
		D35D65402AEADEC500173672 /* LaunchScreen.storyboard in Resources */ = {isa = PBXBuildFile; fileRef = D35D653E2AEADEC500173672 /* LaunchScreen.storyboard */; };
		D35D65492AEAE30700173672 /* FirebaseAnalytics in Frameworks */ = {isa = PBXBuildFile; productRef = D35D65482AEAE30700173672 /* FirebaseAnalytics */; };
		D35D65552AEAE30700173672 /* FirebaseAuth in Frameworks */ = {isa = PBXBuildFile; productRef = D35D65542AEAE30700173672 /* FirebaseAuth */; };
		D35D65612AEAE30700173672 /* FirebaseFirestore in Frameworks */ = {isa = PBXBuildFile; productRef = D35D65602AEAE30700173672 /* FirebaseFirestore */; };
		D35D657B2AEAE30700173672 /* FirebaseStorage in Frameworks */ = {isa = PBXBuildFile; productRef = D35D657A2AEAE30700173672 /* FirebaseStorage */; };
		D374B6172AF115B0003B1608 /* OnboardingViewController.swift in Sources */ = {isa = PBXBuildFile; fileRef = D374B6162AF115B0003B1608 /* OnboardingViewController.swift */; };
		D374B6192AF11921003B1608 /* UIView+Extension.swift in Sources */ = {isa = PBXBuildFile; fileRef = D374B6182AF11921003B1608 /* UIView+Extension.swift */; };
		D374B61B2AF11BF6003B1608 /* OnboardingSlide.swift in Sources */ = {isa = PBXBuildFile; fileRef = D374B61A2AF11BF6003B1608 /* OnboardingSlide.swift */; };
		D37C9A722AF7AED9005BE297 /* SignUpViewController.swift in Sources */ = {isa = PBXBuildFile; fileRef = D37C9A712AF7AED9005BE297 /* SignUpViewController.swift */; };
		D3FB94A92AF7D2B9007A7949 /* GoogleService-Info.plist in Resources */ = {isa = PBXBuildFile; fileRef = D3FB94A82AF7D2B9007A7949 /* GoogleService-Info.plist */; };
/* End PBXBuildFile section */

/* Begin PBXFileReference section */
		D30A5CF72AF1220B00A7E1A0 /* OnboardingCollectionViewCell.swift */ = {isa = PBXFileReference; lastKnownFileType = sourcecode.swift; path = OnboardingCollectionViewCell.swift; sourceTree = "<group>"; };
		D3233F9D2AF510DA00B63039 /* HomeViewController.swift */ = {isa = PBXFileReference; lastKnownFileType = sourcecode.swift; path = HomeViewController.swift; sourceTree = "<group>"; };
		D3233F9F2AF5195E00B63039 /* ActivityViewController.swift */ = {isa = PBXFileReference; lastKnownFileType = sourcecode.swift; path = ActivityViewController.swift; sourceTree = "<group>"; };
		D3233FA12AF5199400B63039 /* LoginViewController.swift */ = {isa = PBXFileReference; lastKnownFileType = sourcecode.swift; path = LoginViewController.swift; sourceTree = "<group>"; };
		D35D65302AEADEC300173672 /* AtlasFitnessApp.app */ = {isa = PBXFileReference; explicitFileType = wrapper.application; includeInIndex = 0; path = AtlasFitnessApp.app; sourceTree = BUILT_PRODUCTS_DIR; };
		D35D65332AEADEC300173672 /* AppDelegate.swift */ = {isa = PBXFileReference; lastKnownFileType = sourcecode.swift; path = AppDelegate.swift; sourceTree = "<group>"; };
		D35D65352AEADEC300173672 /* SceneDelegate.swift */ = {isa = PBXFileReference; lastKnownFileType = sourcecode.swift; path = SceneDelegate.swift; sourceTree = "<group>"; };
		D35D653A2AEADEC300173672 /* Base */ = {isa = PBXFileReference; lastKnownFileType = file.storyboard; name = Base; path = Base.lproj/Main.storyboard; sourceTree = "<group>"; };
		D35D653C2AEADEC500173672 /* Assets.xcassets */ = {isa = PBXFileReference; lastKnownFileType = folder.assetcatalog; path = Assets.xcassets; sourceTree = "<group>"; };
		D35D653F2AEADEC500173672 /* Base */ = {isa = PBXFileReference; lastKnownFileType = file.storyboard; name = Base; path = Base.lproj/LaunchScreen.storyboard; sourceTree = "<group>"; };
		D35D65412AEADEC500173672 /* Info.plist */ = {isa = PBXFileReference; lastKnownFileType = text.plist.xml; path = Info.plist; sourceTree = "<group>"; };
		D374B6162AF115B0003B1608 /* OnboardingViewController.swift */ = {isa = PBXFileReference; lastKnownFileType = sourcecode.swift; path = OnboardingViewController.swift; sourceTree = "<group>"; };
		D374B6182AF11921003B1608 /* UIView+Extension.swift */ = {isa = PBXFileReference; lastKnownFileType = sourcecode.swift; path = "UIView+Extension.swift"; sourceTree = "<group>"; };
		D374B61A2AF11BF6003B1608 /* OnboardingSlide.swift */ = {isa = PBXFileReference; lastKnownFileType = sourcecode.swift; path = OnboardingSlide.swift; sourceTree = "<group>"; };
		D37C9A712AF7AED9005BE297 /* SignUpViewController.swift */ = {isa = PBXFileReference; lastKnownFileType = sourcecode.swift; path = SignUpViewController.swift; sourceTree = "<group>"; };
		D3FB94A82AF7D2B9007A7949 /* GoogleService-Info.plist */ = {isa = PBXFileReference; fileEncoding = 4; lastKnownFileType = text.plist.xml; path = "GoogleService-Info.plist"; sourceTree = "<group>"; };
/* End PBXFileReference section */

/* Begin PBXFrameworksBuildPhase section */
		D35D652D2AEADEC300173672 /* Frameworks */ = {
			isa = PBXFrameworksBuildPhase;
			buildActionMask = 2147483647;
			files = (
				D35D65612AEAE30700173672 /* FirebaseFirestore in Frameworks */,
				D35D65492AEAE30700173672 /* FirebaseAnalytics in Frameworks */,
				D35D65552AEAE30700173672 /* FirebaseAuth in Frameworks */,
				D35D657B2AEAE30700173672 /* FirebaseStorage in Frameworks */,
			);
			runOnlyForDeploymentPostprocessing = 0;
		};
/* End PBXFrameworksBuildPhase section */

/* Begin PBXGroup section */
		D3233F9C2AF5109300B63039 /* TabBarItem */ = {
			isa = PBXGroup;
			children = (
				D3233F9D2AF510DA00B63039 /* HomeViewController.swift */,
				D3233F9F2AF5195E00B63039 /* ActivityViewController.swift */,
			);
			path = TabBarItem;
			sourceTree = "<group>";
		};
		D35D65272AEADEC300173672 = {
			isa = PBXGroup;
			children = (
				D35D65322AEADEC300173672 /* AtlasFitnessApp */,
				D35D65312AEADEC300173672 /* Products */,
			);
			sourceTree = "<group>";
		};
		D35D65312AEADEC300173672 /* Products */ = {
			isa = PBXGroup;
			children = (
				D35D65302AEADEC300173672 /* AtlasFitnessApp.app */,
			);
			name = Products;
			sourceTree = "<group>";
		};
		D35D65322AEADEC300173672 /* AtlasFitnessApp */ = {
			isa = PBXGroup;
			children = (
				D374B6142AF11543003B1608 /* CustomViews */,
				D374B6132AF11537003B1608 /* Views */,
				D374B6122AF1151C003B1608 /* Models */,
				D35D65332AEADEC300173672 /* AppDelegate.swift */,
				D35D65352AEADEC300173672 /* SceneDelegate.swift */,
				D35D65392AEADEC300173672 /* Main.storyboard */,
				D35D653C2AEADEC500173672 /* Assets.xcassets */,
				D35D653E2AEADEC500173672 /* LaunchScreen.storyboard */,
				D35D65412AEADEC500173672 /* Info.plist */,
				D3FB94A82AF7D2B9007A7949 /* GoogleService-Info.plist */,
			);
			path = AtlasFitnessApp;
			sourceTree = "<group>";
		};
		D374B6122AF1151C003B1608 /* Models */ = {
			isa = PBXGroup;
			children = (
				D374B61A2AF11BF6003B1608 /* OnboardingSlide.swift */,
			);
			path = Models;
			sourceTree = "<group>";
		};
		D374B6132AF11537003B1608 /* Views */ = {
			isa = PBXGroup;
			children = (
				D37C9A712AF7AED9005BE297 /* SignUpViewController.swift */,
				D3233FA12AF5199400B63039 /* LoginViewController.swift */,
				D374B6182AF11921003B1608 /* UIView+Extension.swift */,
				D3233F9C2AF5109300B63039 /* TabBarItem */,
				D374B6152AF11557003B1608 /* Onboarding  */,
			);
			path = Views;
			sourceTree = "<group>";
		};
		D374B6142AF11543003B1608 /* CustomViews */ = {
			isa = PBXGroup;
			children = (
			);
			path = CustomViews;
			sourceTree = "<group>";
		};
		D374B6152AF11557003B1608 /* Onboarding  */ = {
			isa = PBXGroup;
			children = (
				D374B6162AF115B0003B1608 /* OnboardingViewController.swift */,
				D30A5CF72AF1220B00A7E1A0 /* OnboardingCollectionViewCell.swift */,
			);
			path = "Onboarding ";
			sourceTree = "<group>";
		};
/* End PBXGroup section */

/* Begin PBXNativeTarget section */
		D35D652F2AEADEC300173672 /* AtlasFitnessApp */ = {
			isa = PBXNativeTarget;
			buildConfigurationList = D35D65442AEADEC500173672 /* Build configuration list for PBXNativeTarget "AtlasFitnessApp" */;
			buildPhases = (
				D35D652C2AEADEC300173672 /* Sources */,
				D35D652D2AEADEC300173672 /* Frameworks */,
				D35D652E2AEADEC300173672 /* Resources */,
			);
			buildRules = (
			);
			dependencies = (
			);
			name = AtlasFitnessApp;
			packageProductDependencies = (
				D35D65482AEAE30700173672 /* FirebaseAnalytics */,
				D35D65542AEAE30700173672 /* FirebaseAuth */,
				D35D65602AEAE30700173672 /* FirebaseFirestore */,
				D35D657A2AEAE30700173672 /* FirebaseStorage */,
			);
			productName = AtlasFitnessApp;
			productReference = D35D65302AEADEC300173672 /* AtlasFitnessApp.app */;
			productType = "com.apple.product-type.application";
		};
/* End PBXNativeTarget section */

/* Begin PBXProject section */
		D35D65282AEADEC300173672 /* Project object */ = {
			isa = PBXProject;
			attributes = {
				BuildIndependentTargetsInParallel = 1;
				LastSwiftUpdateCheck = 1500;
				LastUpgradeCheck = 1500;
				TargetAttributes = {
					D35D652F2AEADEC300173672 = {
						CreatedOnToolsVersion = 15.0;
					};
				};
			};
			buildConfigurationList = D35D652B2AEADEC300173672 /* Build configuration list for PBXProject "AtlasFitnessApp" */;
			compatibilityVersion = "Xcode 14.0";
			developmentRegion = en;
			hasScannedForEncodings = 0;
			knownRegions = (
				en,
				Base,
			);
			mainGroup = D35D65272AEADEC300173672;
			packageReferences = (
				D35D65472AEAE30700173672 /* XCRemoteSwiftPackageReference "firebase-ios-sdk" */,
			);
			productRefGroup = D35D65312AEADEC300173672 /* Products */;
			projectDirPath = "";
			projectRoot = "";
			targets = (
				D35D652F2AEADEC300173672 /* AtlasFitnessApp */,
			);
		};
/* End PBXProject section */

/* Begin PBXResourcesBuildPhase section */
		D35D652E2AEADEC300173672 /* Resources */ = {
			isa = PBXResourcesBuildPhase;
			buildActionMask = 2147483647;
			files = (
				D35D65402AEADEC500173672 /* LaunchScreen.storyboard in Resources */,
				D3FB94A92AF7D2B9007A7949 /* GoogleService-Info.plist in Resources */,
				D35D653D2AEADEC500173672 /* Assets.xcassets in Resources */,
				D35D653B2AEADEC300173672 /* Main.storyboard in Resources */,
			);
			runOnlyForDeploymentPostprocessing = 0;
		};
/* End PBXResourcesBuildPhase section */

/* Begin PBXSourcesBuildPhase section */
		D35D652C2AEADEC300173672 /* Sources */ = {
			isa = PBXSourcesBuildPhase;
			buildActionMask = 2147483647;
			files = (
				D3233FA22AF5199400B63039 /* LoginViewController.swift in Sources */,
				D374B61B2AF11BF6003B1608 /* OnboardingSlide.swift in Sources */,
				D35D65342AEADEC300173672 /* AppDelegate.swift in Sources */,
				D35D65362AEADEC300173672 /* SceneDelegate.swift in Sources */,
				D37C9A722AF7AED9005BE297 /* SignUpViewController.swift in Sources */,
				D3233FA02AF5195E00B63039 /* ActivityViewController.swift in Sources */,
				D374B6192AF11921003B1608 /* UIView+Extension.swift in Sources */,
				D374B6172AF115B0003B1608 /* OnboardingViewController.swift in Sources */,
				D3233F9E2AF510DA00B63039 /* HomeViewController.swift in Sources */,
				D30A5CF82AF1220B00A7E1A0 /* OnboardingCollectionViewCell.swift in Sources */,
			);
			runOnlyForDeploymentPostprocessing = 0;
		};
/* End PBXSourcesBuildPhase section */

/* Begin PBXVariantGroup section */
		D35D65392AEADEC300173672 /* Main.storyboard */ = {
			isa = PBXVariantGroup;
			children = (
				D35D653A2AEADEC300173672 /* Base */,
			);
			name = Main.storyboard;
			sourceTree = "<group>";
		};
		D35D653E2AEADEC500173672 /* LaunchScreen.storyboard */ = {
			isa = PBXVariantGroup;
			children = (
				D35D653F2AEADEC500173672 /* Base */,
			);
			name = LaunchScreen.storyboard;
			sourceTree = "<group>";
		};
/* End PBXVariantGroup section */

/* Begin XCBuildConfiguration section */
		D35D65422AEADEC500173672 /* Debug */ = {
			isa = XCBuildConfiguration;
			buildSettings = {
				ALWAYS_SEARCH_USER_PATHS = NO;
				ASSETCATALOG_COMPILER_GENERATE_SWIFT_ASSET_SYMBOL_EXTENSIONS = YES;
				CLANG_ANALYZER_NONNULL = YES;
				CLANG_ANALYZER_NUMBER_OBJECT_CONVERSION = YES_AGGRESSIVE;
				CLANG_CXX_LANGUAGE_STANDARD = "gnu++20";
				CLANG_ENABLE_MODULES = YES;
				CLANG_ENABLE_OBJC_ARC = YES;
				CLANG_ENABLE_OBJC_WEAK = YES;
				CLANG_WARN_BLOCK_CAPTURE_AUTORELEASING = YES;
				CLANG_WARN_BOOL_CONVERSION = YES;
				CLANG_WARN_COMMA = YES;
				CLANG_WARN_CONSTANT_CONVERSION = YES;
				CLANG_WARN_DEPRECATED_OBJC_IMPLEMENTATIONS = YES;
				CLANG_WARN_DIRECT_OBJC_ISA_USAGE = YES_ERROR;
				CLANG_WARN_DOCUMENTATION_COMMENTS = YES;
				CLANG_WARN_EMPTY_BODY = YES;
				CLANG_WARN_ENUM_CONVERSION = YES;
				CLANG_WARN_INFINITE_RECURSION = YES;
				CLANG_WARN_INT_CONVERSION = YES;
				CLANG_WARN_NON_LITERAL_NULL_CONVERSION = YES;
				CLANG_WARN_OBJC_IMPLICIT_RETAIN_SELF = YES;
				CLANG_WARN_OBJC_LITERAL_CONVERSION = YES;
				CLANG_WARN_OBJC_ROOT_CLASS = YES_ERROR;
				CLANG_WARN_QUOTED_INCLUDE_IN_FRAMEWORK_HEADER = YES;
				CLANG_WARN_RANGE_LOOP_ANALYSIS = YES;
				CLANG_WARN_STRICT_PROTOTYPES = YES;
				CLANG_WARN_SUSPICIOUS_MOVE = YES;
				CLANG_WARN_UNGUARDED_AVAILABILITY = YES_AGGRESSIVE;
				CLANG_WARN_UNREACHABLE_CODE = YES;
				CLANG_WARN__DUPLICATE_METHOD_MATCH = YES;
				COPY_PHASE_STRIP = NO;
				DEBUG_INFORMATION_FORMAT = dwarf;
				ENABLE_STRICT_OBJC_MSGSEND = YES;
				ENABLE_TESTABILITY = YES;
				ENABLE_USER_SCRIPT_SANDBOXING = YES;
				GCC_C_LANGUAGE_STANDARD = gnu17;
				GCC_DYNAMIC_NO_PIC = NO;
				GCC_NO_COMMON_BLOCKS = YES;
				GCC_OPTIMIZATION_LEVEL = 0;
				GCC_PREPROCESSOR_DEFINITIONS = (
					"DEBUG=1",
					"$(inherited)",
				);
				GCC_WARN_64_TO_32_BIT_CONVERSION = YES;
				GCC_WARN_ABOUT_RETURN_TYPE = YES_ERROR;
				GCC_WARN_UNDECLARED_SELECTOR = YES;
				GCC_WARN_UNINITIALIZED_AUTOS = YES_AGGRESSIVE;
				GCC_WARN_UNUSED_FUNCTION = YES;
				GCC_WARN_UNUSED_VARIABLE = YES;
				IPHONEOS_DEPLOYMENT_TARGET = 17.0;
				LOCALIZATION_PREFERS_STRING_CATALOGS = YES;
				MTL_ENABLE_DEBUG_INFO = INCLUDE_SOURCE;
				MTL_FAST_MATH = YES;
				ONLY_ACTIVE_ARCH = YES;
				SDKROOT = iphoneos;
				SWIFT_ACTIVE_COMPILATION_CONDITIONS = "DEBUG $(inherited)";
				SWIFT_OPTIMIZATION_LEVEL = "-Onone";
			};
			name = Debug;
		};
		D35D65432AEADEC500173672 /* Release */ = {
			isa = XCBuildConfiguration;
			buildSettings = {
				ALWAYS_SEARCH_USER_PATHS = NO;
				ASSETCATALOG_COMPILER_GENERATE_SWIFT_ASSET_SYMBOL_EXTENSIONS = YES;
				CLANG_ANALYZER_NONNULL = YES;
				CLANG_ANALYZER_NUMBER_OBJECT_CONVERSION = YES_AGGRESSIVE;
				CLANG_CXX_LANGUAGE_STANDARD = "gnu++20";
				CLANG_ENABLE_MODULES = YES;
				CLANG_ENABLE_OBJC_ARC = YES;
				CLANG_ENABLE_OBJC_WEAK = YES;
				CLANG_WARN_BLOCK_CAPTURE_AUTORELEASING = YES;
				CLANG_WARN_BOOL_CONVERSION = YES;
				CLANG_WARN_COMMA = YES;
				CLANG_WARN_CONSTANT_CONVERSION = YES;
				CLANG_WARN_DEPRECATED_OBJC_IMPLEMENTATIONS = YES;
				CLANG_WARN_DIRECT_OBJC_ISA_USAGE = YES_ERROR;
				CLANG_WARN_DOCUMENTATION_COMMENTS = YES;
				CLANG_WARN_EMPTY_BODY = YES;
				CLANG_WARN_ENUM_CONVERSION = YES;
				CLANG_WARN_INFINITE_RECURSION = YES;
				CLANG_WARN_INT_CONVERSION = YES;
				CLANG_WARN_NON_LITERAL_NULL_CONVERSION = YES;
				CLANG_WARN_OBJC_IMPLICIT_RETAIN_SELF = YES;
				CLANG_WARN_OBJC_LITERAL_CONVERSION = YES;
				CLANG_WARN_OBJC_ROOT_CLASS = YES_ERROR;
				CLANG_WARN_QUOTED_INCLUDE_IN_FRAMEWORK_HEADER = YES;
				CLANG_WARN_RANGE_LOOP_ANALYSIS = YES;
				CLANG_WARN_STRICT_PROTOTYPES = YES;
				CLANG_WARN_SUSPICIOUS_MOVE = YES;
				CLANG_WARN_UNGUARDED_AVAILABILITY = YES_AGGRESSIVE;
				CLANG_WARN_UNREACHABLE_CODE = YES;
				CLANG_WARN__DUPLICATE_METHOD_MATCH = YES;
				COPY_PHASE_STRIP = NO;
				DEBUG_INFORMATION_FORMAT = "dwarf-with-dsym";
				ENABLE_NS_ASSERTIONS = NO;
				ENABLE_STRICT_OBJC_MSGSEND = YES;
				ENABLE_USER_SCRIPT_SANDBOXING = YES;
				GCC_C_LANGUAGE_STANDARD = gnu17;
				GCC_NO_COMMON_BLOCKS = YES;
				GCC_WARN_64_TO_32_BIT_CONVERSION = YES;
				GCC_WARN_ABOUT_RETURN_TYPE = YES_ERROR;
				GCC_WARN_UNDECLARED_SELECTOR = YES;
				GCC_WARN_UNINITIALIZED_AUTOS = YES_AGGRESSIVE;
				GCC_WARN_UNUSED_FUNCTION = YES;
				GCC_WARN_UNUSED_VARIABLE = YES;
				IPHONEOS_DEPLOYMENT_TARGET = 17.0;
				LOCALIZATION_PREFERS_STRING_CATALOGS = YES;
				MTL_ENABLE_DEBUG_INFO = NO;
				MTL_FAST_MATH = YES;
				SDKROOT = iphoneos;
				SWIFT_COMPILATION_MODE = wholemodule;
				VALIDATE_PRODUCT = YES;
			};
			name = Release;
		};
		D35D65452AEADEC500173672 /* Debug */ = {
			isa = XCBuildConfiguration;
			buildSettings = {
				ASSETCATALOG_COMPILER_APPICON_NAME = AppIcon;
				ASSETCATALOG_COMPILER_GLOBAL_ACCENT_COLOR_NAME = AccentColor;
				CODE_SIGN_STYLE = Automatic;
				CURRENT_PROJECT_VERSION = 1;
				DEVELOPMENT_TEAM = YTY3A3KFQB;
				GENERATE_INFOPLIST_FILE = YES;
				INFOPLIST_FILE = AtlasFitnessApp/Info.plist;
				INFOPLIST_KEY_UIApplicationSupportsIndirectInputEvents = YES;
				INFOPLIST_KEY_UILaunchStoryboardName = LaunchScreen;
				INFOPLIST_KEY_UIMainStoryboardFile = Main;
				INFOPLIST_KEY_UISupportedInterfaceOrientations_iPad = "UIInterfaceOrientationPortrait UIInterfaceOrientationPortraitUpsideDown UIInterfaceOrientationLandscapeLeft UIInterfaceOrientationLandscapeRight";
				INFOPLIST_KEY_UISupportedInterfaceOrientations_iPhone = "UIInterfaceOrientationPortrait UIInterfaceOrientationLandscapeLeft UIInterfaceOrientationLandscapeRight";
				LD_RUNPATH_SEARCH_PATHS = (
					"$(inherited)",
					"@executable_path/Frameworks",
				);
				MARKETING_VERSION = 1.0;
				PRODUCT_BUNDLE_IDENTIFIER = com.alimgonul.AtlasFitnessApp;
				PRODUCT_NAME = "$(TARGET_NAME)";
				SWIFT_EMIT_LOC_STRINGS = YES;
				SWIFT_VERSION = 5.0;
				TARGETED_DEVICE_FAMILY = "1,2";
			};
			name = Debug;
		};
		D35D65462AEADEC500173672 /* Release */ = {
			isa = XCBuildConfiguration;
			buildSettings = {
				ASSETCATALOG_COMPILER_APPICON_NAME = AppIcon;
				ASSETCATALOG_COMPILER_GLOBAL_ACCENT_COLOR_NAME = AccentColor;
				CODE_SIGN_STYLE = Automatic;
				CURRENT_PROJECT_VERSION = 1;
				DEVELOPMENT_TEAM = YTY3A3KFQB;
				GENERATE_INFOPLIST_FILE = YES;
				INFOPLIST_FILE = AtlasFitnessApp/Info.plist;
				INFOPLIST_KEY_UIApplicationSupportsIndirectInputEvents = YES;
				INFOPLIST_KEY_UILaunchStoryboardName = LaunchScreen;
				INFOPLIST_KEY_UIMainStoryboardFile = Main;
				INFOPLIST_KEY_UISupportedInterfaceOrientations_iPad = "UIInterfaceOrientationPortrait UIInterfaceOrientationPortraitUpsideDown UIInterfaceOrientationLandscapeLeft UIInterfaceOrientationLandscapeRight";
				INFOPLIST_KEY_UISupportedInterfaceOrientations_iPhone = "UIInterfaceOrientationPortrait UIInterfaceOrientationLandscapeLeft UIInterfaceOrientationLandscapeRight";
				LD_RUNPATH_SEARCH_PATHS = (
					"$(inherited)",
					"@executable_path/Frameworks",
				);
				MARKETING_VERSION = 1.0;
				PRODUCT_BUNDLE_IDENTIFIER = com.alimgonul.AtlasFitnessApp;
				PRODUCT_NAME = "$(TARGET_NAME)";
				SWIFT_EMIT_LOC_STRINGS = YES;
				SWIFT_VERSION = 5.0;
				TARGETED_DEVICE_FAMILY = "1,2";
			};
			name = Release;
		};
/* End XCBuildConfiguration section */

/* Begin XCConfigurationList section */
		D35D652B2AEADEC300173672 /* Build configuration list for PBXProject "AtlasFitnessApp" */ = {
			isa = XCConfigurationList;
			buildConfigurations = (
				D35D65422AEADEC500173672 /* Debug */,
				D35D65432AEADEC500173672 /* Release */,
			);
			defaultConfigurationIsVisible = 0;
			defaultConfigurationName = Release;
		};
		D35D65442AEADEC500173672 /* Build configuration list for PBXNativeTarget "AtlasFitnessApp" */ = {
			isa = XCConfigurationList;
			buildConfigurations = (
				D35D65452AEADEC500173672 /* Debug */,
				D35D65462AEADEC500173672 /* Release */,
			);
			defaultConfigurationIsVisible = 0;
			defaultConfigurationName = Release;
		};
/* End XCConfigurationList section */

/* Begin XCRemoteSwiftPackageReference section */
		D35D65472AEAE30700173672 /* XCRemoteSwiftPackageReference "firebase-ios-sdk" */ = {
			isa = XCRemoteSwiftPackageReference;
			repositoryURL = "https://github.com/firebase/firebase-ios-sdk";
			requirement = {
				kind = upToNextMajorVersion;
				minimumVersion = 10.16.0;
			};
		};
/* End XCRemoteSwiftPackageReference section */

/* Begin XCSwiftPackageProductDependency section */
		D35D65482AEAE30700173672 /* FirebaseAnalytics */ = {
			isa = XCSwiftPackageProductDependency;
			package = D35D65472AEAE30700173672 /* XCRemoteSwiftPackageReference "firebase-ios-sdk" */;
			productName = FirebaseAnalytics;
		};
		D35D65542AEAE30700173672 /* FirebaseAuth */ = {
			isa = XCSwiftPackageProductDependency;
			package = D35D65472AEAE30700173672 /* XCRemoteSwiftPackageReference "firebase-ios-sdk" */;
			productName = FirebaseAuth;
		};
		D35D65602AEAE30700173672 /* FirebaseFirestore */ = {
			isa = XCSwiftPackageProductDependency;
			package = D35D65472AEAE30700173672 /* XCRemoteSwiftPackageReference "firebase-ios-sdk" */;
			productName = FirebaseFirestore;
		};
		D35D657A2AEAE30700173672 /* FirebaseStorage */ = {
			isa = XCSwiftPackageProductDependency;
			package = D35D65472AEAE30700173672 /* XCRemoteSwiftPackageReference "firebase-ios-sdk" */;
			productName = FirebaseStorage;
		};
/* End XCSwiftPackageProductDependency section */
	};
	rootObject = D35D65282AEADEC300173672 /* Project object */;
}
